# This file is automatically @generated by Cargo.
# It is not intended for manual editing.
version = 4

[[package]]
name = "context-host-leaf"
version = "0.0.0"

[[package]]
name = "context-target-leaf"
version = "0.0.0"

[[package]]
name = "debug-on"
version = "0.0.0"

[[package]]
name = "dev-child"
version = "0.0.0"
dependencies = [
 "dev-root",
]

[[package]]
name = "dev-root"
version = "0.0.0"
dependencies = [
 "dev-child",
]

[[package]]
name = "dual-app"
version = "0.0.0"
dependencies = [
 "dual-helper",
]

[[package]]
name = "dual-helper"
version = "0.0.0"
dependencies = [
 "context-host-leaf",
 "context-target-leaf",
]

[[package]]
name = "host-build-on"
version = "0.0.0"
dependencies = [
 "context-host-leaf",
 "context-target-leaf",
]

[[package]]
name = "platform-app"
version = "0.0.0"
dependencies = [
 "debug-on",
 "host-build-on",
 "proc-macro-member",
 "proc-macro-target-off",
 "release-off",
 "target-build-off",
 "target-off",
 "target-on",
]

[[package]]
name = "proc-host-on"
version = "0.0.0"
dependencies = [
 "context-host-leaf",
 "context-target-leaf",
]

[[package]]
name = "proc-macro-member"
version = "0.0.0"
dependencies = [
 "proc-host-on",
 "proc-target-off",
]

[[package]]
name = "proc-macro-target-off"
version = "0.0.0"

[[package]]
name = "proc-target-off"
version = "0.0.0"

[[package]]
name = "release-off"
version = "0.0.0"

[[package]]
name = "target-build-off"
version = "0.0.0"

[[package]]
name = "target-off"
version = "0.0.0"

[[package]]
name = "target-on"
version = "0.0.0"
